
Microsoft Visual Studio Solution File, Format Version 12.00
# Visual Studio Version 17
VisualStudioVersion = 17.13.35825.156
MinimumVisualStudioVersion = 10.0.40219.1
Project("{FAE04EC0-301F-11D3-BF4B-00C04F79EFBC}") = "Shares", "Shares\Shares.csproj", "{818A9EDD-4551-4EC9-AAD9-BFB5541F3CE6}"
EndProject
Project("{FAE04EC0-301F-11D3-BF4B-00C04F79EFBC}") = "RepositoriesUseNHibernate", "RepositoryUseNHibernate\RepositoriesUseNHibernate.csproj", "{34D309E3-696F-48A0-9C62-C4D3200F5529}"
EndProject
Project("{FAE04EC0-301F-11D3-BF4B-00C04F79EFBC}") = "GrpcService", "GrpcService\GrpcService.csproj", "{24E1FDAD-AE66-4B56-ADE7-8EAEABC20BFC}"
EndProject
Project("{FAE04EC0-301F-11D3-BF4B-00C04F79EFBC}") = "StudentManagement", "StudentManagement\StudentManagement.csproj", "{145F9F3F-B0A7-43BA-B213-73ED97F5418B}"
EndProject
Global
	GlobalSection(SolutionConfigurationPlatforms) = preSolution
		Debug|Any CPU = Debug|Any CPU
		Release|Any CPU = Release|Any CPU
	EndGlobalSection
	GlobalSection(ProjectConfigurationPlatforms) = postSolution
		{818A9EDD-4551-4EC9-AAD9-BFB5541F3CE6}.Debug|Any CPU.ActiveCfg = Debug|Any CPU
		{818A9EDD-4551-4EC9-AAD9-BFB5541F3CE6}.Debug|Any CPU.Build.0 = Debug|Any CPU
		{818A9EDD-4551-4EC9-AAD9-BFB5541F3CE6}.Release|Any CPU.ActiveCfg = Release|Any CPU
		{818A9EDD-4551-4EC9-AAD9-BFB5541F3CE6}.Release|Any CPU.Build.0 = Release|Any CPU
		{34D309E3-696F-48A0-9C62-C4D3200F5529}.Debug|Any CPU.ActiveCfg = Debug|Any CPU
		{34D309E3-696F-48A0-9C62-C4D3200F5529}.Debug|Any CPU.Build.0 = Debug|Any CPU
		{34D309E3-696F-48A0-9C62-C4D3200F5529}.Release|Any CPU.ActiveCfg = Release|Any CPU
		{34D309E3-696F-48A0-9C62-C4D3200F5529}.Release|Any CPU.Build.0 = Release|Any CPU
		{24E1FDAD-AE66-4B56-ADE7-8EAEABC20BFC}.Debug|Any CPU.ActiveCfg = Debug|Any CPU
		{24E1FDAD-AE66-4B56-ADE7-8EAEABC20BFC}.Debug|Any CPU.Build.0 = Debug|Any CPU
		{24E1FDAD-AE66-4B56-ADE7-8EAEABC20BFC}.Release|Any CPU.ActiveCfg = Release|Any CPU
		{24E1FDAD-AE66-4B56-ADE7-8EAEABC20BFC}.Release|Any CPU.Build.0 = Release|Any CPU
		{145F9F3F-B0A7-43BA-B213-73ED97F5418B}.Debug|Any CPU.ActiveCfg = Debug|Any CPU
		{145F9F3F-B0A7-43BA-B213-73ED97F5418B}.Debug|Any CPU.Build.0 = Debug|Any CPU
		{145F9F3F-B0A7-43BA-B213-73ED97F5418B}.Release|Any CPU.ActiveCfg = Release|Any CPU
		{145F9F3F-B0A7-43BA-B213-73ED97F5418B}.Release|Any CPU.Build.0 = Release|Any CPU
	EndGlobalSection
	GlobalSection(SolutionProperties) = preSolution
		HideSolutionNode = FALSE
	EndGlobalSection
	GlobalSection(ExtensibilityGlobals) = postSolution
		SolutionGuid = {DE31A564-C063-476C-A100-3287FE8E4493}
	EndGlobalSection
EndGlobal
